github.com/gobwas/pool v0.2.0 h1:QEmUOlnSjWtnpRGHF3SauEiOsy82Cup83Vf2LcMlnc8=
github.com/gobwas/pool v0.2.0/go.mod h1:q8bcK0KcYlCgd9e7WYLm9LpyS+YeLd8JVDW6WezmKEw=
github.com/kavu/go_reuseport v1.4.0 h1:YIp/96RZ3sJfn0LN+FFkkXIq3H3dfVOdRUtNejhDcxc=
github.com/kavu/go_reuseport v1.4.0/go.mod h1:CG8Ee7ceMFSMnx/xr25Vm0qXaj2Z4i5PWoUx+JZ5/CU=
github.com/smartystreets-prototypes/go-disruptor v0.0.0-20180723194425-e0f8f9247cc2 h1:nQE8laUyz4HmJDejtrfORw6+a68+9Inpq1+uiIxrb+E=
github.com/smartystreets-prototypes/go-disruptor v0.0.0-20180723194425-e0f8f9247cc2/go.mod h1:ACngBnuB+3ZLly6w2l5kkiUKwrH9kZRo+KKl7+jwhlA=
golang.org/x/sys v0.0.0-20190312061237-fead79001313 h1:pczuHS43Cp2ktBEEmLwScxgjWsBSzdaQiKzUyf3DTTc=
golang.org/x/sys v0.0.0-20190312061237-fead79001313/go.mod h1:h1NjWce9XRLGQEsW7wpKNCjG9DtNlClVuFLEZdDNbEs=
